# THIS IS AN AUTOGENERATED FILE. DO NOT EDIT THIS FILE DIRECTLY.
# yarn lockfile v1


"@polymer/font-roboto@^0.0.3":
  version "0.0.3"
  resolved "https://registry.yarnpkg.com/@polymer/font-roboto/-/font-roboto-0.0.3.tgz#9d58edb660bbed2d4bd29d3bf9b21c20bddd6187"

"@polymer/iron-a11y-keys-behavior@^0.0.3":
  version "0.0.3"
  resolved "https://registry.yarnpkg.com/@polymer/iron-a11y-keys-behavior/-/iron-a11y-keys-behavior-0.0.3.tgz#82a9c535d01ae94cb33d9c071a9a543ebc2044c0"
  dependencies:
    "@polymer/polymer" "^1.2.5-npm-test.2"

"@polymer/iron-behaviors@^0.0.3":
  version "0.0.3"
  resolved "https://registry.yarnpkg.com/@polymer/iron-behaviors/-/iron-behaviors-0.0.3.tgz#027484885ddb924f99fa8083dfba810e39d2671b"
  dependencies:
    "@polymer/iron-a11y-keys-behavior" "^0.0.3"
    "@polymer/polymer" "^1.2.5-npm-test.2"

"@polymer/iron-checked-element-behavior@^0.0.3":
  version "0.0.3"
  resolved "https://registry.yarnpkg.com/@polymer/iron-checked-element-behavior/-/iron-checked-element-behavior-0.0.3.tgz#1e78b6a76751495350d51d9caaaf6c0f7f74bd7a"
  dependencies:
    "@polymer/iron-form-element-behavior" "^0.0.3"
    "@polymer/iron-validatable-behavior" "^0.0.3"
    "@polymer/polymer" "^1.2.5-npm-test.2"

"@polymer/iron-flex-layout@^0.0.3":
  version "0.0.3"
  resolved "https://registry.yarnpkg.com/@polymer/iron-flex-layout/-/iron-flex-layout-0.0.3.tgz#b7d7a732b1cbadfe6aa9500ca06f40d02578baf7"
  dependencies:
    "@polymer/polymer" "^1.2.5-npm-test.2"

"@polymer/iron-form-element-behavior@^0.0.3":
  version "0.0.3"
  resolved "https://registry.yarnpkg.com/@polymer/iron-form-element-behavior/-/iron-form-element-behavior-0.0.3.tgz#3564a2a51d8ccfdda4193d943d5fd0c12c463759"
  dependencies:
    "@polymer/polymer" "^1.2.5-npm-test.2"

"@polymer/iron-icon@^0.0.3":
  version "0.0.3"
  resolved "https://registry.yarnpkg.com/@polymer/iron-icon/-/iron-icon-0.0.3.tgz#e1b14afed4ad1106ed867d64ef01fe43f9b4e5e7"
  dependencies:
    "@polymer/iron-flex-layout" "^0.0.3"
    "@polymer/iron-meta" "^0.0.3"
    "@polymer/polymer" "^1.2.5-npm-test.2"

"@polymer/iron-icons@^0.0.3":
  version "0.0.3"
  resolved "https://registry.yarnpkg.com/@polymer/iron-icons/-/iron-icons-0.0.3.tgz#d672ab979bdcd4ded8027e8de23e8c51d0c7f4c6"
  dependencies:
    "@polymer/iron-icon" "^0.0.3"
    "@polymer/iron-iconset-svg" "^0.0.3"
    "@polymer/polymer" "^1.2.5-npm-test.2"

"@polymer/iron-iconset-svg@^0.0.3":
  version "0.0.3"
  resolved "https://registry.yarnpkg.com/@polymer/iron-iconset-svg/-/iron-iconset-svg-0.0.3.tgz#cd4cff5233f8061e3e0d34a65180b9a92085860a"
  dependencies:
    "@polymer/iron-meta" "^0.0.3"
    "@polymer/polymer" "^1.2.5-npm-test.2"

"@polymer/iron-media-query@^0.0.3":
  version "0.0.3"
  resolved "https://registry.yarnpkg.com/@polymer/iron-media-query/-/iron-media-query-0.0.3.tgz#ecbcad624df5840728555506239ed63830420d07"
  dependencies:
    "@polymer/polymer" "^1.2.5-npm-test.2"

"@polymer/iron-meta@^0.0.3":
  version "0.0.3"
  resolved "https://registry.yarnpkg.com/@polymer/iron-meta/-/iron-meta-0.0.3.tgz#a4cec8479bdaec66ff03749a59136f21fde01d70"
  dependencies:
    "@polymer/polymer" "^1.2.5-npm-test.2"

"@polymer/iron-resizable-behavior@^0.0.3":
  version "0.0.3"
  resolved "https://registry.yarnpkg.com/@polymer/iron-resizable-behavior/-/iron-resizable-behavior-0.0.3.tgz#205470f84070654909a360b533b6599b2d806354"
  dependencies:
    "@polymer/polymer" "^1.2.5-npm-test.2"

"@polymer/iron-selector@^0.0.3":
  version "0.0.3"
  resolved "https://registry.yarnpkg.com/@polymer/iron-selector/-/iron-selector-0.0.3.tgz#cde0bb7b9845ddb3f6dfc93ada147426ccebdfb9"
  dependencies:
    "@polymer/polymer" "^1.2.5-npm-test.2"

"@polymer/iron-validatable-behavior@^0.0.3":
  version "0.0.3"
  resolved "https://registry.yarnpkg.com/@polymer/iron-validatable-behavior/-/iron-validatable-behavior-0.0.3.tgz#438747173d2b1d3bc1a08458a55ed31c9b4f192f"
  dependencies:
    "@polymer/iron-meta" "^0.0.3"
    "@polymer/polymer" "^1.2.5-npm-test.2"

"@polymer/paper-behaviors@^0.0.3":
  version "0.0.3"
  resolved "https://registry.yarnpkg.com/@polymer/paper-behaviors/-/paper-behaviors-0.0.3.tgz#79a39b1dc62c067a179efa70c4f34e1fb8de9a6f"
  dependencies:
    "@polymer/iron-behaviors" "^0.0.3"
    "@polymer/iron-checked-element-behavior" "^0.0.3"
    "@polymer/paper-ripple" "^0.0.3"
    "@polymer/polymer" "^1.2.5-npm-test.2"

"@polymer/paper-drawer-panel@^0.0.3":
  version "0.0.3"
  resolved "https://registry.yarnpkg.com/@polymer/paper-drawer-panel/-/paper-drawer-panel-0.0.3.tgz#5f84d24c4133e8274fd6bb170f7ab69b2e6ee297"
  dependencies:
    "@polymer/iron-media-query" "^0.0.3"
    "@polymer/iron-resizable-behavior" "^0.0.3"
    "@polymer/iron-selector" "^0.0.3"
    "@polymer/polymer" "^1.2.5-npm-test.2"

"@polymer/paper-header-panel@^0.0.3":
  version "0.0.3"
  resolved "https://registry.yarnpkg.com/@polymer/paper-header-panel/-/paper-header-panel-0.0.3.tgz#de01048b8a6390cd67e8e798e8486e0597911c97"
  dependencies:
    "@polymer/iron-flex-layout" "^0.0.3"
    "@polymer/polymer" "^1.2.5-npm-test.2"

"@polymer/paper-icon-button@^0.0.3":
  version "0.0.3"
  resolved "https://registry.yarnpkg.com/@polymer/paper-icon-button/-/paper-icon-button-0.0.3.tgz#446909a67334c3e8c6d9f0f4711ad82b4fa32fb4"
  dependencies:
    "@polymer/iron-flex-layout" "^0.0.3"
    "@polymer/iron-icon" "^0.0.3"
    "@polymer/iron-icons" "^0.0.3"
    "@polymer/paper-behaviors" "^0.0.3"
    "@polymer/paper-ripple" "^0.0.3"
    "@polymer/paper-styles" "^0.0.3"
    "@polymer/polymer" "^1.2.5-npm-test.2"

"@polymer/paper-ripple@^0.0.3":
  version "0.0.3"
  resolved "https://registry.yarnpkg.com/@polymer/paper-ripple/-/paper-ripple-0.0.3.tgz#2b722947a852825233967606cd5fcf590eb7d829"
  dependencies:
    "@polymer/iron-a11y-keys-behavior" "^0.0.3"
    "@polymer/polymer" "^1.2.5-npm-test.2"

"@polymer/paper-styles@^0.0.3":
  version "0.0.3"
  resolved "https://registry.yarnpkg.com/@polymer/paper-styles/-/paper-styles-0.0.3.tgz#b8466a047807d6fc63c24fa71b486c975cc75379"
  dependencies:
    "@polymer/font-roboto" "^0.0.3"
    "@polymer/iron-flex-layout" "^0.0.3"
    "@polymer/polymer" "^1.2.5-npm-test.2"

"@polymer/paper-toolbar@^0.0.3":
  version "0.0.3"
  resolved "https://registry.yarnpkg.com/@polymer/paper-toolbar/-/paper-toolbar-0.0.3.tgz#d627fb4b4b3f5726f3f9d132ca1181c2ebf6cfd5"
  dependencies:
    "@polymer/iron-flex-layout" "^0.0.3"
    "@polymer/paper-styles" "^0.0.3"
    "@polymer/polymer" "^1.2.5-npm-test.2"

"@polymer/polymer@^1.2.5-npm-test.2":
  version "1.2.5-npm-test.2"
  resolved "https://registry.yarnpkg.com/@polymer/polymer/-/polymer-1.2.5-npm-test.2.tgz#7930f5663c2f686915451d211e663aa9997d7336"
  dependencies:
    webcomponents.js "^0.7.20"

accepts@~1.3.3:
  version "1.3.3"
  resolved "https://registry.yarnpkg.com/accepts/-/accepts-1.3.3.tgz#c3ca7434938648c3e0d9c1e328dd68b622c284ca"
  dependencies:
    mime-types "~2.1.11"
    negotiator "0.6.1"

basic-auth@~1.0.3:
  version "1.0.4"
  resolved "https://registry.yarnpkg.com/basic-auth/-/basic-auth-1.0.4.tgz#030935b01de7c9b94a824b29f3fccb750d3a5290"

buffer-crc32@0.2.1:
  version "0.2.1"
  resolved "https://registry.yarnpkg.com/buffer-crc32/-/buffer-crc32-0.2.1.tgz#be3e5382fc02b6d6324956ac1af98aa98b08534c"

bytes@0.2.0:
  version "0.2.0"
  resolved "https://registry.yarnpkg.com/bytes/-/bytes-0.2.0.tgz#aad33ec14e3dc2ca74e8e7d451f9ba053ad4f7a0"

bytes@2.3.0:
  version "2.3.0"
  resolved "https://registry.yarnpkg.com/bytes/-/bytes-2.3.0.tgz#d5b680a165b6201739acb611542aabc2d8ceb070"

compressible@~2.0.8:
  version "2.0.9"
  resolved "https://registry.yarnpkg.com/compressible/-/compressible-2.0.9.tgz#6daab4e2b599c2770dd9e21e7a891b1c5a755425"
  dependencies:
    mime-db ">= 1.24.0 < 2"

compression@^1.6.0:
  version "1.6.2"
  resolved "https://registry.yarnpkg.com/compression/-/compression-1.6.2.tgz#cceb121ecc9d09c52d7ad0c3350ea93ddd402bc3"
  dependencies:
    accepts "~1.3.3"
    bytes "2.3.0"
    compressible "~2.0.8"
    debug "~2.2.0"
    on-headers "~1.0.1"
    vary "~1.1.0"

connect@~2.7.3:
  version "2.7.11"
  resolved "https://registry.yarnpkg.com/connect/-/connect-2.7.11.tgz#f561d5eef70b8d719c397f724d34ba4065c77a3e"
  dependencies:
    buffer-crc32 "0.2.1"
    bytes "0.2.0"
    cookie "0.0.5"
    cookie-signature "1.0.1"
    debug "*"
    formidable "1.0.14"
    fresh "0.1.0"
    pause "0.0.1"
    qs "0.6.5"
    send "0.1.1"

cookie-signature@1.0.1:
  version "1.0.1"
  resolved "https://registry.yarnpkg.com/cookie-signature/-/cookie-signature-1.0.1.tgz#44e072148af01e6e8e24afbf12690d68ae698ecb"

cookie@0.0.5:
  version "0.0.5"
  resolved "https://registry.yarnpkg.com/cookie/-/cookie-0.0.5.tgz#f9acf9db57eb7568c9fcc596256b7bb22e307c81"

debug@*, debug@~2.2.0:
  version "2.2.0"
  resolved "https://registry.yarnpkg.com/debug/-/debug-2.2.0.tgz#f87057e995b1a1f6ae6a4960664137bc56f039da"
  dependencies:
    ms "0.7.1"

depd@~1.1.0:
  version "1.1.0"
  resolved "https://registry.yarnpkg.com/depd/-/depd-1.1.0.tgz#e1bd82c6aab6ced965b97b88b17ed3e528ca18c3"

ee-first@1.1.1:
  version "1.1.1"
  resolved "https://registry.yarnpkg.com/ee-first/-/ee-first-1.1.1.tgz#590c61156b0ae2f4f0255732a158b266bc56b21d"

formidable@1.0.14:
  version "1.0.14"
  resolved "https://registry.yarnpkg.com/formidable/-/formidable-1.0.14.tgz#2b3f4c411cbb5fdd695c44843e2a23514a43231a"

fresh@0.1.0:
  version "0.1.0"
  resolved "https://registry.yarnpkg.com/fresh/-/fresh-0.1.0.tgz#03e4b0178424e4c2d5d19a54d8814cdc97934850"

"mime-db@>= 1.24.0 < 2", mime-db@~1.25.0:
  version "1.25.0"
  resolved "https://registry.yarnpkg.com/mime-db/-/mime-db-1.25.0.tgz#c18dbd7c73a5dbf6f44a024dc0d165a1e7b1c392"

mime-types@~2.1.11:
  version "2.1.13"
  resolved "https://registry.yarnpkg.com/mime-types/-/mime-types-2.1.13.tgz#e07aaa9c6c6b9a7ca3012c69003ad25a39e92a88"
  dependencies:
    mime-db "~1.25.0"

mime@~1.2.9:
  version "1.2.11"
  resolved "https://registry.yarnpkg.com/mime/-/mime-1.2.11.tgz#58203eed86e3a5ef17aed2b7d9ebd47f0a60dd10"

morgan@^1.6.1:
  version "1.7.0"
  resolved "https://registry.yarnpkg.com/morgan/-/morgan-1.7.0.tgz#eb10ca8e50d1abe0f8d3dad5c0201d052d981c62"
  dependencies:
    basic-auth "~1.0.3"
    debug "~2.2.0"
    depd "~1.1.0"
    on-finished "~2.3.0"
    on-headers "~1.0.1"

ms@0.7.1:
  version "0.7.1"
  resolved "https://registry.yarnpkg.com/ms/-/ms-0.7.1.tgz#9cd13c03adbff25b65effde7ce864ee952017098"

negotiator@0.6.1:
  version "0.6.1"
  resolved "https://registry.yarnpkg.com/negotiator/-/negotiator-0.6.1.tgz#2b327184e8992101177b28563fb5e7102acd0ca9"

nws@^1.1.1:
  version "1.1.1"
  resolved "https://registry.yarnpkg.com/nws/-/nws-1.1.1.tgz#8c9b333b0c1e2873059c0aef1f606da645831f9c"
  dependencies:
    compression "^1.6.0"
    connect "~2.7.3"
    morgan "^1.6.1"
    opn "^3.0.3"
    optimist "0.3.1"

object-assign@^4.0.1:
  version "4.1.0"
  resolved "https://registry.yarnpkg.com/object-assign/-/object-assign-4.1.0.tgz#7a3b3d0e98063d43f4c03f2e8ae6cd51a86883a0"

on-finished@~2.3.0:
  version "2.3.0"
  resolved "https://registry.yarnpkg.com/on-finished/-/on-finished-2.3.0.tgz#20f1336481b083cd75337992a16971aa2d906947"
  dependencies:
    ee-first "1.1.1"

on-headers@~1.0.1:
  version "1.0.1"
  resolved "https://registry.yarnpkg.com/on-headers/-/on-headers-1.0.1.tgz#928f5d0f470d49342651ea6794b0857c100693f7"

opn@^3.0.3:
  version "3.0.3"
  resolved "https://registry.yarnpkg.com/opn/-/opn-3.0.3.tgz#b6d99e7399f78d65c3baaffef1fb288e9b85243a"
  dependencies:
    object-assign "^4.0.1"

optimist@0.3.1:
  version "0.3.1"
  resolved "https://registry.yarnpkg.com/optimist/-/optimist-0.3.1.tgz#6680d30560193af5a55eb64394883ed7bcb98f2e"
  dependencies:
    wordwrap ">=0.0.1 <0.1.0"

pause@0.0.1:
  version "0.0.1"
  resolved "https://registry.yarnpkg.com/pause/-/pause-0.0.1.tgz#1d408b3fdb76923b9543d96fb4c9dfd535d9cb5d"

qs@0.6.5:
  version "0.6.5"
  resolved "https://registry.yarnpkg.com/qs/-/qs-0.6.5.tgz#294b268e4b0d4250f6dde19b3b8b34935dff14ef"

range-parser@0.0.4:
  version "0.0.4"
  resolved "https://registry.yarnpkg.com/range-parser/-/range-parser-0.0.4.tgz#c0427ffef51c10acba0782a46c9602e744ff620b"

send@0.1.1:
  version "0.1.1"
  resolved "https://registry.yarnpkg.com/send/-/send-0.1.1.tgz#0bcfcbd03def6e2d8612e1abf8f4895b450c60c8"
  dependencies:
    debug "*"
    fresh "0.1.0"
    mime "~1.2.9"
    range-parser "0.0.4"

vary@~1.1.0:
  version "1.1.0"
  resolved "https://registry.yarnpkg.com/vary/-/vary-1.1.0.tgz#e1e5affbbd16ae768dd2674394b9ad3022653140"

webcomponents.js@^0.7.20:
  version "0.7.23"
  resolved "https://registry.yarnpkg.com/webcomponents.js/-/webcomponents.js-0.7.23.tgz#fdbb29e8d9fd667aa72407d89908e62dfeba0513"

"wordwrap@>=0.0.1 <0.1.0":
  version "0.0.3"
  resolved "https://registry.yarnpkg.com/wordwrap/-/wordwrap-0.0.3.tgz#a3d5da6cd5c0bc0008d37234bbaf1bed63059107"
